// !$*UTF8*$!
{
	archiveVersion = 1;
	classes = {
	};
	objectVersion = 50;
	objects = {

/* Begin PBXBuildFile section */
		28317A1C23E22EE300FE2DB1 /* AppDelegate.swift in Sources */ = {isa = PBXBuildFile; fileRef = 28317A1B23E22EE300FE2DB1 /* AppDelegate.swift */; };
		28317A1E23E22EE300FE2DB1 /* SceneDelegate.swift in Sources */ = {isa = PBXBuildFile; fileRef = 28317A1D23E22EE300FE2DB1 /* SceneDelegate.swift */; };
		28317A2023E22EE300FE2DB1 /* ManagerSpecialViewController.swift in Sources */ = {isa = PBXBuildFile; fileRef = 28317A1F23E22EE300FE2DB1 /* ManagerSpecialViewController.swift */; };
		28317A2323E22EE300FE2DB1 /* Main.storyboard in Resources */ = {isa = PBXBuildFile; fileRef = 28317A2123E22EE300FE2DB1 /* Main.storyboard */; };
		28317A2623E22EE300FE2DB1 /* Swiftly_Project.xcdatamodeld in Sources */ = {isa = PBXBuildFile; fileRef = 28317A2423E22EE300FE2DB1 /* Swiftly_Project.xcdatamodeld */; };
		28317A2823E22EE500FE2DB1 /* Assets.xcassets in Resources */ = {isa = PBXBuildFile; fileRef = 28317A2723E22EE500FE2DB1 /* Assets.xcassets */; };
		28317A2B23E22EE500FE2DB1 /* LaunchScreen.storyboard in Resources */ = {isa = PBXBuildFile; fileRef = 28317A2923E22EE500FE2DB1 /* LaunchScreen.storyboard */; };
		28317A3323E2455700FE2DB1 /* ManagerSpecialCollectionViewCell.swift in Sources */ = {isa = PBXBuildFile; fileRef = 28317A3223E2455700FE2DB1 /* ManagerSpecialCollectionViewCell.swift */; };
		28360D7323E38841006B1462 /* NetworkController.swift in Sources */ = {isa = PBXBuildFile; fileRef = 28360D7223E38841006B1462 /* NetworkController.swift */; };
		28360D7523E4E63C006B1462 /* CoreDataController.swift in Sources */ = {isa = PBXBuildFile; fileRef = 28360D7423E4E63C006B1462 /* CoreDataController.swift */; };
		28E868B823EB64BF00EDEFE8 /* Swiftly_ProjectTests.swift in Sources */ = {isa = PBXBuildFile; fileRef = 28E868B723EB64BF00EDEFE8 /* Swiftly_ProjectTests.swift */; };
		28F8385623EA41FE00559E81 /* ImageView+Async.swift in Sources */ = {isa = PBXBuildFile; fileRef = 28F8385523EA41FE00559E81 /* ImageView+Async.swift */; };
/* End PBXBuildFile section */

/* Begin PBXContainerItemProxy section */
		28E868BA23EB64BF00EDEFE8 /* PBXContainerItemProxy */ = {
			isa = PBXContainerItemProxy;
			containerPortal = 28317A1023E22EE200FE2DB1 /* Project object */;
			proxyType = 1;
			remoteGlobalIDString = 28317A1723E22EE200FE2DB1;
			remoteInfo = Swiftly_Project;
		};
/* End PBXContainerItemProxy section */

/* Begin PBXFileReference section */
		28317A1823E22EE200FE2DB1 /* Swiftly_Project.app */ = {isa = PBXFileReference; explicitFileType = wrapper.application; includeInIndex = 0; path = Swiftly_Project.app; sourceTree = BUILT_PRODUCTS_DIR; };
		28317A1B23E22EE300FE2DB1 /* AppDelegate.swift */ = {isa = PBXFileReference; lastKnownFileType = sourcecode.swift; path = AppDelegate.swift; sourceTree = "<group>"; };
		28317A1D23E22EE300FE2DB1 /* SceneDelegate.swift */ = {isa = PBXFileReference; lastKnownFileType = sourcecode.swift; path = SceneDelegate.swift; sourceTree = "<group>"; };
		28317A1F23E22EE300FE2DB1 /* ManagerSpecialViewController.swift */ = {isa = PBXFileReference; lastKnownFileType = sourcecode.swift; path = ManagerSpecialViewController.swift; sourceTree = "<group>"; };
		28317A2223E22EE300FE2DB1 /* Base */ = {isa = PBXFileReference; lastKnownFileType = file.storyboard; name = Base; path = Base.lproj/Main.storyboard; sourceTree = "<group>"; };
		28317A2523E22EE300FE2DB1 /* Swiftly_Project.xcdatamodel */ = {isa = PBXFileReference; lastKnownFileType = wrapper.xcdatamodel; path = Swiftly_Project.xcdatamodel; sourceTree = "<group>"; };
		28317A2723E22EE500FE2DB1 /* Assets.xcassets */ = {isa = PBXFileReference; lastKnownFileType = folder.assetcatalog; path = Assets.xcassets; sourceTree = "<group>"; };
		28317A2A23E22EE500FE2DB1 /* Base */ = {isa = PBXFileReference; lastKnownFileType = file.storyboard; name = Base; path = Base.lproj/LaunchScreen.storyboard; sourceTree = "<group>"; };
		28317A2C23E22EE500FE2DB1 /* Info.plist */ = {isa = PBXFileReference; lastKnownFileType = text.plist.xml; path = Info.plist; sourceTree = "<group>"; };
		28317A3223E2455700FE2DB1 /* ManagerSpecialCollectionViewCell.swift */ = {isa = PBXFileReference; lastKnownFileType = sourcecode.swift; path = ManagerSpecialCollectionViewCell.swift; sourceTree = "<group>"; };
		28360D7223E38841006B1462 /* NetworkController.swift */ = {isa = PBXFileReference; lastKnownFileType = sourcecode.swift; path = NetworkController.swift; sourceTree = "<group>"; };
		28360D7423E4E63C006B1462 /* CoreDataController.swift */ = {isa = PBXFileReference; lastKnownFileType = sourcecode.swift; path = CoreDataController.swift; sourceTree = "<group>"; };
		28E868B523EB64BF00EDEFE8 /* Swiftly_ProjectTests.xctest */ = {isa = PBXFileReference; explicitFileType = wrapper.cfbundle; includeInIndex = 0; path = Swiftly_ProjectTests.xctest; sourceTree = BUILT_PRODUCTS_DIR; };
		28E868B723EB64BF00EDEFE8 /* Swiftly_ProjectTests.swift */ = {isa = PBXFileReference; lastKnownFileType = sourcecode.swift; path = Swiftly_ProjectTests.swift; sourceTree = "<group>"; };
		28E868B923EB64BF00EDEFE8 /* Info.plist */ = {isa = PBXFileReference; lastKnownFileType = text.plist.xml; path = Info.plist; sourceTree = "<group>"; };
		28F8385523EA41FE00559E81 /* ImageView+Async.swift */ = {isa = PBXFileReference; lastKnownFileType = sourcecode.swift; path = "ImageView+Async.swift"; sourceTree = "<group>"; };
/* End PBXFileReference section */

/* Begin PBXFrameworksBuildPhase section */
		28317A1523E22EE200FE2DB1 /* Frameworks */ = {
			isa = PBXFrameworksBuildPhase;
			buildActionMask = 2147483647;
			files = (
			);
			runOnlyForDeploymentPostprocessing = 0;
		};
		28E868B223EB64BF00EDEFE8 /* Frameworks */ = {
			isa = PBXFrameworksBuildPhase;
			buildActionMask = 2147483647;
			files = (
			);
			runOnlyForDeploymentPostprocessing = 0;
		};
/* End PBXFrameworksBuildPhase section */

/* Begin PBXGroup section */
		28317A0F23E22EE200FE2DB1 = {
			isa = PBXGroup;
			children = (
				28317A1A23E22EE200FE2DB1 /* Swiftly_Project */,
				28E868B623EB64BF00EDEFE8 /* Swiftly_ProjectTests */,
				28317A1923E22EE200FE2DB1 /* Products */,
			);
			sourceTree = "<group>";
		};
		28317A1923E22EE200FE2DB1 /* Products */ = {
			isa = PBXGroup;
			children = (
				28317A1823E22EE200FE2DB1 /* Swiftly_Project.app */,
				28E868B523EB64BF00EDEFE8 /* Swiftly_ProjectTests.xctest */,
			);
			name = Products;
			sourceTree = "<group>";
		};
		28317A1A23E22EE200FE2DB1 /* Swiftly_Project */ = {
			isa = PBXGroup;
			children = (
				28317A1B23E22EE300FE2DB1 /* AppDelegate.swift */,
				28317A1D23E22EE300FE2DB1 /* SceneDelegate.swift */,
				28317A1F23E22EE300FE2DB1 /* ManagerSpecialViewController.swift */,
				28317A3223E2455700FE2DB1 /* ManagerSpecialCollectionViewCell.swift */,
				28360D7223E38841006B1462 /* NetworkController.swift */,
				28360D7423E4E63C006B1462 /* CoreDataController.swift */,
				28F8385523EA41FE00559E81 /* ImageView+Async.swift */,
				28317A2123E22EE300FE2DB1 /* Main.storyboard */,
				28317A2723E22EE500FE2DB1 /* Assets.xcassets */,
				28317A2923E22EE500FE2DB1 /* LaunchScreen.storyboard */,
				28317A2C23E22EE500FE2DB1 /* Info.plist */,
				28317A2423E22EE300FE2DB1 /* Swiftly_Project.xcdatamodeld */,
			);
			path = Swiftly_Project;
			sourceTree = "<group>";
		};
		28E868B623EB64BF00EDEFE8 /* Swiftly_ProjectTests */ = {
			isa = PBXGroup;
			children = (
				28E868B723EB64BF00EDEFE8 /* Swiftly_ProjectTests.swift */,
				28E868B923EB64BF00EDEFE8 /* Info.plist */,
			);
			path = Swiftly_ProjectTests;
			sourceTree = "<group>";
		};
/* End PBXGroup section */

/* Begin PBXNativeTarget section */
		28317A1723E22EE200FE2DB1 /* Swiftly_Project */ = {
			isa = PBXNativeTarget;
			buildConfigurationList = 28317A2F23E22EE500FE2DB1 /* Build configuration list for PBXNativeTarget "Swiftly_Project" */;
			buildPhases = (
				28317A1423E22EE200FE2DB1 /* Sources */,
				28317A1523E22EE200FE2DB1 /* Frameworks */,
				28317A1623E22EE200FE2DB1 /* Resources */,
			);
			buildRules = (
			);
			dependencies = (
			);
			name = Swiftly_Project;
			productName = Swiftly_Project;
			productReference = 28317A1823E22EE200FE2DB1 /* Swiftly_Project.app */;
			productType = "com.apple.product-type.application";
		};
		28E868B423EB64BF00EDEFE8 /* Swiftly_ProjectTests */ = {
			isa = PBXNativeTarget;
			buildConfigurationList = 28E868BE23EB64BF00EDEFE8 /* Build configuration list for PBXNativeTarget "Swiftly_ProjectTests" */;
			buildPhases = (
				28E868B123EB64BF00EDEFE8 /* Sources */,
				28E868B223EB64BF00EDEFE8 /* Frameworks */,
				28E868B323EB64BF00EDEFE8 /* Resources */,
			);
			buildRules = (
			);
			dependencies = (
				28E868BB23EB64BF00EDEFE8 /* PBXTargetDependency */,
			);
			name = Swiftly_ProjectTests;
			productName = Swiftly_ProjectTests;
			productReference = 28E868B523EB64BF00EDEFE8 /* Swiftly_ProjectTests.xctest */;
			productType = "com.apple.product-type.bundle.unit-test";
		};
/* End PBXNativeTarget section */

/* Begin PBXProject section */
		28317A1023E22EE200FE2DB1 /* Project object */ = {
			isa = PBXProject;
			attributes = {
				LastSwiftUpdateCheck = 1130;
				LastUpgradeCheck = 1130;
				ORGANIZATIONNAME = "Reid Weber";
				TargetAttributes = {
					28317A1723E22EE200FE2DB1 = {
						CreatedOnToolsVersion = 11.3.1;
					};
					28E868B423EB64BF00EDEFE8 = {
						CreatedOnToolsVersion = 11.3.1;
						TestTargetID = 28317A1723E22EE200FE2DB1;
					};
				};
			};
			buildConfigurationList = 28317A1323E22EE200FE2DB1 /* Build configuration list for PBXProject "Swiftly_Project" */;
			compatibilityVersion = "Xcode 9.3";
			developmentRegion = en;
			hasScannedForEncodings = 0;
			knownRegions = (
				en,
				Base,
			);
			mainGroup = 28317A0F23E22EE200FE2DB1;
			productRefGroup = 28317A1923E22EE200FE2DB1 /* Products */;
			projectDirPath = "";
			projectRoot = "";
			targets = (
				28317A1723E22EE200FE2DB1 /* Swiftly_Project */,
				28E868B423EB64BF00EDEFE8 /* Swiftly_ProjectTests */,
			);
		};
/* End PBXProject section */

/* Begin PBXResourcesBuildPhase section */
		28317A1623E22EE200FE2DB1 /* Resources */ = {
			isa = PBXResourcesBuildPhase;
			buildActionMask = 2147483647;
			files = (
				28317A2B23E22EE500FE2DB1 /* LaunchScreen.storyboard in Resources */,
				28317A2823E22EE500FE2DB1 /* Assets.xcassets in Resources */,
				28317A2323E22EE300FE2DB1 /* Main.storyboard in Resources */,
			);
			runOnlyForDeploymentPostprocessing = 0;
		};
		28E868B323EB64BF00EDEFE8 /* Resources */ = {
			isa = PBXResourcesBuildPhase;
			buildActionMask = 2147483647;
			files = (
			);
			runOnlyForDeploymentPostprocessing = 0;
		};
/* End PBXResourcesBuildPhase section */

/* Begin PBXSourcesBuildPhase section */
		28317A1423E22EE200FE2DB1 /* Sources */ = {
			isa = PBXSourcesBuildPhase;
			buildActionMask = 2147483647;
			files = (
				28317A2623E22EE300FE2DB1 /* Swiftly_Project.xcdatamodeld in Sources */,
				28317A3323E2455700FE2DB1 /* ManagerSpecialCollectionViewCell.swift in Sources */,
				28360D7323E38841006B1462 /* NetworkController.swift in Sources */,
				28360D7523E4E63C006B1462 /* CoreDataController.swift in Sources */,
				28317A2023E22EE300FE2DB1 /* ManagerSpecialViewController.swift in Sources */,
				28317A1C23E22EE300FE2DB1 /* AppDelegate.swift in Sources */,
				28317A1E23E22EE300FE2DB1 /* SceneDelegate.swift in Sources */,
				28F8385623EA41FE00559E81 /* ImageView+Async.swift in Sources */,
			);
			runOnlyForDeploymentPostprocessing = 0;
		};
		28E868B123EB64BF00EDEFE8 /* Sources */ = {
			isa = PBXSourcesBuildPhase;
			buildActionMask = 2147483647;
			files = (
				28E868B823EB64BF00EDEFE8 /* Swiftly_ProjectTests.swift in Sources */,
			);
			runOnlyForDeploymentPostprocessing = 0;
		};
/* End PBXSourcesBuildPhase section */

/* Begin PBXTargetDependency section */
		28E868BB23EB64BF00EDEFE8 /* PBXTargetDependency */ = {
			isa = PBXTargetDependency;
			target = 28317A1723E22EE200FE2DB1 /* Swiftly_Project */;
			targetProxy = 28E868BA23EB64BF00EDEFE8 /* PBXContainerItemProxy */;
		};
/* End PBXTargetDependency section */

/* Begin PBXVariantGroup section */
		28317A2123E22EE300FE2DB1 /* Main.storyboard */ = {
			isa = PBXVariantGroup;
			children = (
				28317A2223E22EE300FE2DB1 /* Base */,
			);
			name = Main.storyboard;
			sourceTree = "<group>";
		};
		28317A2923E22EE500FE2DB1 /* LaunchScreen.storyboard */ = {
			isa = PBXVariantGroup;
			children = (
				28317A2A23E22EE500FE2DB1 /* Base */,
			);
			name = LaunchScreen.storyboard;
			sourceTree = "<group>";
		};
/* End PBXVariantGroup section */

/* Begin XCBuildConfiguration section */
		28317A2D23E22EE500FE2DB1 /* Debug */ = {
			isa = XCBuildConfiguration;
			buildSettings = {
				ALWAYS_SEARCH_USER_PATHS = NO;
				CLANG_ANALYZER_NONNULL = YES;
				CLANG_ANALYZER_NUMBER_OBJECT_CONVERSION = YES_AGGRESSIVE;
				CLANG_CXX_LANGUAGE_STANDARD = "gnu++14";
				CLANG_CXX_LIBRARY = "libc++";
				CLANG_ENABLE_MODULES = YES;
				CLANG_ENABLE_OBJC_ARC = YES;
				CLANG_ENABLE_OBJC_WEAK = YES;
				CLANG_WARN_BLOCK_CAPTURE_AUTORELEASING = YES;
				CLANG_WARN_BOOL_CONVERSION = YES;
				CLANG_WARN_COMMA = YES;
				CLANG_WARN_CONSTANT_CONVERSION = YES;
				CLANG_WARN_DEPRECATED_OBJC_IMPLEMENTATIONS = YES;
				CLANG_WARN_DIRECT_OBJC_ISA_USAGE = YES_ERROR;
				CLANG_WARN_DOCUMENTATION_COMMENTS = YES;
				CLANG_WARN_EMPTY_BODY = YES;
				CLANG_WARN_ENUM_CONVERSION = YES;
				CLANG_WARN_INFINITE_RECURSION = YES;
				CLANG_WARN_INT_CONVERSION = YES;
				CLANG_WARN_NON_LITERAL_NULL_CONVERSION = YES;
				CLANG_WARN_OBJC_IMPLICIT_RETAIN_SELF = YES;
				CLANG_WARN_OBJC_LITERAL_CONVERSION = YES;
				CLANG_WARN_OBJC_ROOT_CLASS = YES_ERROR;
				CLANG_WARN_RANGE_LOOP_ANALYSIS = YES;
				CLANG_WARN_STRICT_PROTOTYPES = YES;
				CLANG_WARN_SUSPICIOUS_MOVE = YES;
				CLANG_WARN_UNGUARDED_AVAILABILITY = YES_AGGRESSIVE;
				CLANG_WARN_UNREACHABLE_CODE = YES;
				CLANG_WARN__DUPLICATE_METHOD_MATCH = YES;
				COPY_PHASE_STRIP = NO;
				DEBUG_INFORMATION_FORMAT = dwarf;
				ENABLE_STRICT_OBJC_MSGSEND = YES;
				ENABLE_TESTABILITY = YES;
				GCC_C_LANGUAGE_STANDARD = gnu11;
				GCC_DYNAMIC_NO_PIC = NO;
				GCC_NO_COMMON_BLOCKS = YES;
				GCC_OPTIMIZATION_LEVEL = 0;
				GCC_PREPROCESSOR_DEFINITIONS = (
					"DEBUG=1",
					"$(inherited)",
				);
				GCC_WARN_64_TO_32_BIT_CONVERSION = YES;
				GCC_WARN_ABOUT_RETURN_TYPE = YES_ERROR;
				GCC_WARN_UNDECLARED_SELECTOR = YES;
				GCC_WARN_UNINITIALIZED_AUTOS = YES_AGGRESSIVE;
				GCC_WARN_UNUSED_FUNCTION = YES;
				GCC_WARN_UNUSED_VARIABLE = YES;
				IPHONEOS_DEPLOYMENT_TARGET = 13.2;
				MTL_ENABLE_DEBUG_INFO = INCLUDE_SOURCE;
				MTL_FAST_MATH = YES;
				ONLY_ACTIVE_ARCH = YES;
				SDKROOT = iphoneos;
				SWIFT_ACTIVE_COMPILATION_CONDITIONS = DEBUG;
				SWIFT_OPTIMIZATION_LEVEL = "-Onone";
			};
			name = Debug;
		};
		28317A2E23E22EE500FE2DB1 /* Release */ = {
			isa = XCBuildConfiguration;
			buildSettings = {
				ALWAYS_SEARCH_USER_PATHS = NO;
				CLANG_ANALYZER_NONNULL = YES;
				CLANG_ANALYZER_NUMBER_OBJECT_CONVERSION = YES_AGGRESSIVE;
				CLANG_CXX_LANGUAGE_STANDARD = "gnu++14";
				CLANG_CXX_LIBRARY = "libc++";
				CLANG_ENABLE_MODULES = YES;
				CLANG_ENABLE_OBJC_ARC = YES;
				CLANG_ENABLE_OBJC_WEAK = YES;
				CLANG_WARN_BLOCK_CAPTURE_AUTORELEASING = YES;
				CLANG_WARN_BOOL_CONVERSION = YES;
				CLANG_WARN_COMMA = YES;
				CLANG_WARN_CONSTANT_CONVERSION = YES;
				CLANG_WARN_DEPRECATED_OBJC_IMPLEMENTATIONS = YES;
				CLANG_WARN_DIRECT_OBJC_ISA_USAGE = YES_ERROR;
				CLANG_WARN_DOCUMENTATION_COMMENTS = YES;
				CLANG_WARN_EMPTY_BODY = YES;
				CLANG_WARN_ENUM_CONVERSION = YES;
				CLANG_WARN_INFINITE_RECURSION = YES;
				CLANG_WARN_INT_CONVERSION = YES;
				CLANG_WARN_NON_LITERAL_NULL_CONVERSION = YES;
				CLANG_WARN_OBJC_IMPLICIT_RETAIN_SELF = YES;
				CLANG_WARN_OBJC_LITERAL_CONVERSION = YES;
				CLANG_WARN_OBJC_ROOT_CLASS = YES_ERROR;
				CLANG_WARN_RANGE_LOOP_ANALYSIS = YES;
				CLANG_WARN_STRICT_PROTOTYPES = YES;
				CLANG_WARN_SUSPICIOUS_MOVE = YES;
				CLANG_WARN_UNGUARDED_AVAILABILITY = YES_AGGRESSIVE;
				CLANG_WARN_UNREACHABLE_CODE = YES;
				CLANG_WARN__DUPLICATE_METHOD_MATCH = YES;
				COPY_PHASE_STRIP = NO;
				DEBUG_INFORMATION_FORMAT = "dwarf-with-dsym";
				ENABLE_NS_ASSERTIONS = NO;
				ENABLE_STRICT_OBJC_MSGSEND = YES;
				GCC_C_LANGUAGE_STANDARD = gnu11;
				GCC_NO_COMMON_BLOCKS = YES;
				GCC_WARN_64_TO_32_BIT_CONVERSION = YES;
				GCC_WARN_ABOUT_RETURN_TYPE = YES_ERROR;
				GCC_WARN_UNDECLARED_SELECTOR = YES;
				GCC_WARN_UNINITIALIZED_AUTOS = YES_AGGRESSIVE;
				GCC_WARN_UNUSED_FUNCTION = YES;
				GCC_WARN_UNUSED_VARIABLE = YES;
				IPHONEOS_DEPLOYMENT_TARGET = 13.2;
				MTL_ENABLE_DEBUG_INFO = NO;
				MTL_FAST_MATH = YES;
				SDKROOT = iphoneos;
				SWIFT_COMPILATION_MODE = wholemodule;
				SWIFT_OPTIMIZATION_LEVEL = "-O";
				VALIDATE_PRODUCT = YES;
			};
			name = Release;
		};
		28317A3023E22EE500FE2DB1 /* Debug */ = {
			isa = XCBuildConfiguration;
			buildSettings = {
				ASSETCATALOG_COMPILER_APPICON_NAME = AppIcon;
				CODE_SIGN_STYLE = Automatic;
				DEVELOPMENT_TEAM = WHKMH85L4X;
				INFOPLIST_FILE = Swiftly_Project/Info.plist;
				LD_RUNPATH_SEARCH_PATHS = (
					"$(inherited)",
					"@executable_path/Frameworks",
				);
				PRODUCT_BUNDLE_IDENTIFIER = "RW.Swiftly-Project";
				PRODUCT_NAME = "$(TARGET_NAME)";
				SWIFT_VERSION = 5.0;
				TARGETED_DEVICE_FAMILY = "1,2";
			};
			name = Debug;
		};
		28317A3123E22EE500FE2DB1 /* Release */ = {
			isa = XCBuildConfiguration;
			buildSettings = {
				ASSETCATALOG_COMPILER_APPICON_NAME = AppIcon;
				CODE_SIGN_STYLE = Automatic;
				DEVELOPMENT_TEAM = WHKMH85L4X;
				INFOPLIST_FILE = Swiftly_Project/Info.plist;
				LD_RUNPATH_SEARCH_PATHS = (
					"$(inherited)",
					"@executable_path/Frameworks",
				);
				PRODUCT_BUNDLE_IDENTIFIER = "RW.Swiftly-Project";
				PRODUCT_NAME = "$(TARGET_NAME)";
				SWIFT_VERSION = 5.0;
				TARGETED_DEVICE_FAMILY = "1,2";
			};
			name = Release;
		};
		28E868BC23EB64BF00EDEFE8 /* Debug */ = {
			isa = XCBuildConfiguration;
			buildSettings = {
				BUNDLE_LOADER = "$(TEST_HOST)";
				CODE_SIGN_STYLE = Automatic;
				DEVELOPMENT_TEAM = WHKMH85L4X;
				INFOPLIST_FILE = Swiftly_ProjectTests/Info.plist;
				LD_RUNPATH_SEARCH_PATHS = (
					"$(inherited)",
					"@executable_path/Frameworks",
					"@loader_path/Frameworks",
				);
				PRODUCT_BUNDLE_IDENTIFIER = "RW.Swiftly-ProjectTests";
				PRODUCT_NAME = "$(TARGET_NAME)";
				SWIFT_VERSION = 5.0;
				TARGETED_DEVICE_FAMILY = "1,2";
				TEST_HOST = "$(BUILT_PRODUCTS_DIR)/Swiftly_Project.app/Swiftly_Project";
			};
			name = Debug;
		};
		28E868BD23EB64BF00EDEFE8 /* Release */ = {
			isa = XCBuildConfiguration;
			buildSettings = {
				BUNDLE_LOADER = "$(TEST_HOST)";
				CODE_SIGN_STYLE = Automatic;
				DEVELOPMENT_TEAM = WHKMH85L4X;
				INFOPLIST_FILE = Swiftly_ProjectTests/Info.plist;
				LD_RUNPATH_SEARCH_PATHS = (
					"$(inherited)",
					"@executable_path/Frameworks",
					"@loader_path/Frameworks",
				);
				PRODUCT_BUNDLE_IDENTIFIER = "RW.Swiftly-ProjectTests";
				PRODUCT_NAME = "$(TARGET_NAME)";
				SWIFT_VERSION = 5.0;
				TARGETED_DEVICE_FAMILY = "1,2";
				TEST_HOST = "$(BUILT_PRODUCTS_DIR)/Swiftly_Project.app/Swiftly_Project";
			};
			name = Release;
		};
/* End XCBuildConfiguration section */

/* Begin XCConfigurationList section */
		28317A1323E22EE200FE2DB1 /* Build configuration list for PBXProject "Swiftly_Project" */ = {
			isa = XCConfigurationList;
			buildConfigurations = (
				28317A2D23E22EE500FE2DB1 /* Debug */,
				28317A2E23E22EE500FE2DB1 /* Release */,
			);
			defaultConfigurationIsVisible = 0;
			defaultConfigurationName = Release;
		};
		28317A2F23E22EE500FE2DB1 /* Build configuration list for PBXNativeTarget "Swiftly_Project" */ = {
			isa = XCConfigurationList;
			buildConfigurations = (
				28317A3023E22EE500FE2DB1 /* Debug */,
				28317A3123E22EE500FE2DB1 /* Release */,
			);
			defaultConfigurationIsVisible = 0;
			defaultConfigurationName = Release;
		};
		28E868BE23EB64BF00EDEFE8 /* Build configuration list for PBXNativeTarget "Swiftly_ProjectTests" */ = {
			isa = XCConfigurationList;
			buildConfigurations = (
				28E868BC23EB64BF00EDEFE8 /* Debug */,
				28E868BD23EB64BF00EDEFE8 /* Release */,
			);
			defaultConfigurationIsVisible = 0;
			defaultConfigurationName = Release;
		};
/* End XCConfigurationList section */

/* Begin XCVersionGroup section */
		28317A2423E22EE300FE2DB1 /* Swiftly_Project.xcdatamodeld */ = {
			isa = XCVersionGroup;
			children = (
				28317A2523E22EE300FE2DB1 /* Swiftly_Project.xcdatamodel */,
			);
			currentVersion = 28317A2523E22EE300FE2DB1 /* Swiftly_Project.xcdatamodel */;
			path = Swiftly_Project.xcdatamodeld;
			sourceTree = "<group>";
			versionGroupType = wrapper.xcdatamodel;
		};
/* End XCVersionGroup section */
	};
	rootObject = 28317A1023E22EE200FE2DB1 /* Project object */;
}
